{
  "nodes": {
    "flake-containers": {
      "locked": {
        "lastModified": 0,
        "narHash": "sha256-nBipXi7TIX6HyKqWmgRPq49GA2/qBpECXw8eilBFtOY=",
        "path": "/nix/store/85hlh72ynixdiigrzpgrhgl9mxk7glcp-source",
        "type": "path"
      },
      "original": {
        "path": "/nix/store/85hlh72ynixdiigrzpgrhgl9mxk7glcp-source",
        "type": "path"
      }
    },
    "flake-parts": {
      "inputs": {
        "nixpkgs-lib": "nixpkgs-lib"
      },
      "locked": {
        "lastModified": 1712014858,
        "narHash": "sha256-sB4SWl2lX95bExY2gMFG5HIzvva5AVMJd4Igm+GpZNw=",
        "owner": "hercules-ci",
        "repo": "flake-parts",
        "rev": "9126214d0a59633752a136528f5f3b9aa8565b7d",
        "type": "github"
      },
      "original": {
        "owner": "hercules-ci",
        "repo": "flake-parts",
        "type": "github"
      }
    },
    "flake-root": {
      "locked": {
        "lastModified": 1692742795,
        "narHash": "sha256-f+Y0YhVCIJ06LemO+3Xx00lIcqQxSKJHXT/yk1RTKxw=",
        "owner": "srid",
        "repo": "flake-root",
        "rev": "d9a70d9c7a5fd7f3258ccf48da9335e9b47c3937",
        "type": "github"
      },
      "original": {
        "owner": "srid",
        "repo": "flake-root",
        "type": "github"
      }
    },
    "nixpkgs": {
      "locked": {
        "lastModified": 1712310679,
        "narHash": "sha256-XgC/a/giEeNkhme/AV1ToipoZ/IVm1MV2ntiK4Tm+pw=",
        "owner": "NixOS",
        "repo": "nixpkgs",
        "rev": "72da83d9515b43550436891f538ff41d68eecc7f",
        "type": "github"
      },
      "original": {
        "owner": "NixOS",
        "ref": "nixos-23.11",
        "repo": "nixpkgs",
        "type": "github"
      }
    },
    "nixpkgs-lib": {
      "locked": {
        "dir": "lib",
        "lastModified": 1711703276,
        "narHash": "sha256-iMUFArF0WCatKK6RzfUJknjem0H9m4KgorO/p3Dopkk=",
        "owner": "NixOS",
        "repo": "nixpkgs",
        "rev": "d8fe5e6c92d0d190646fb9f1056741a229980089",
        "type": "github"
      },
      "original": {
        "dir": "lib",
        "owner": "NixOS",
        "ref": "nixos-unstable",
        "repo": "nixpkgs",
        "type": "github"
      }
    },
    "nur": {
      "locked": {
        "lastModified": 1712418268,
        "narHash": "sha256-ada/cxhkwk0D7/iuklXUv/EOx7ooYIn27LYAyYuoQ3o=",
        "owner": "nix-community",
        "repo": "NUR",
        "rev": "ade3664ee297f453ea7f31945af6b751cf800b84",
        "type": "github"
      },
      "original": {
        "owner": "nix-community",
        "repo": "NUR",
        "type": "github"
      }
    },
    "root": {
      "inputs": {
        "flake-containers": "flake-containers",
        "flake-parts": "flake-parts",
        "flake-root": "flake-root",
        "nixpkgs": "nixpkgs",
        "nur": "nur"
      }
    }
  },
  "root": "root",
  "version": 7
}
